lockfileVersion: 5.3

specifiers:
  '@types/moo': ^0.5.5
  '@types/node': ^17.0.14
  moo: ^0.5.1
  moo-indentation-lexer: ^6.0.0
  typescript: ^4.5.5

dependencies:
  moo: 0.5.1
  moo-indentation-lexer: 6.0.0

devDependencies:
  '@types/moo': 0.5.5
  '@types/node': 17.0.14
  typescript: 4.5.5

packages:

  /@types/moo/0.5.5:
    resolution: {integrity: sha512-eXQpwnkI4Ntw5uJg6i2PINdRFWLr55dqjuYQaLHNjvqTzF14QdNWbCbml9sza0byyXNA0hZlHtcdN+VNDcgVHA==}
    dev: true

  /@types/node/17.0.14:
    resolution: {integrity: sha512-SbjLmERksKOGzWzPNuW7fJM7fk3YXVTFiZWB/Hs99gwhk+/dnrQRPBQjPW9aO+fi1tAffi9PrwFvsmOKmDTyng==}
    dev: true

  /moo-indentation-lexer/6.0.0:
    resolution: {integrity: sha512-qra3nYwiOFbPCjMWvBkhHhtpILh2q46n+D8oduPR2iG/yIhKsKveKVXLhh0BGWfl21AIlqhQctEqai+6zs+DzA==}
    dependencies:
      moo-peekable-lexer: 1.1.2
    dev: false

  /moo-peekable-lexer/1.1.2:
    resolution: {integrity: sha512-8m53qKZqTW0RqvrxVYgfdbaH+7DMLXwLo3DRLea/6DtAcpzVZICtPboEIqcJ3dJf09JxZK9lRSGGcENgFq499Q==}
    dev: false

  /moo/0.5.1:
    resolution: {integrity: sha512-I1mnb5xn4fO80BH9BLcF0yLypy2UKl+Cb01Fu0hJRkJjlCRtxZMWkTdAtDd5ZqCOxtCkhmRwyI57vWT+1iZ67w==}
    dev: false

  /typescript/4.5.5:
    resolution: {integrity: sha512-TCTIul70LyWe6IJWT8QSYeA54WQe8EjQFU4wY52Fasj5UKx88LNYKCgBEHcOMOrFF1rKGbD8v/xcNWVUq9SymA==}
    engines: {node: '>=4.2.0'}
    hasBin: true
    dev: true
