# THIS IS AN AUTOGENERATED FILE. DO NOT EDIT THIS FILE DIRECTLY.
# yarn lockfile v1


crypto-js@3.1.9-1:
  version "3.1.9-1"
  resolved "https://registry.yarnpkg.com/crypto-js/-/crypto-js-3.1.9-1.tgz#fda19e761fc077e01ffbfdc6e9fdfc59e8806cd8"
  integrity sha1-/aGedh/Ad+Af+/3G6f38WeiAbNg=

fp-ts@2.4.4:
  version "2.4.4"
  resolved "https://registry.yarnpkg.com/fp-ts/-/fp-ts-2.4.4.tgz#d1ffe3e62ee4fa789562242d5a3f9b957740b783"
  integrity sha512-J5wFa/BzT57A+DIvwAYS5LTsbRiXsvF9hsefP3ZfzsHLuWGjtHAheG1WscG1tX3og1PDZyv6mZAUTlpH1MmHhA==

list@2.0.19:
  version "2.0.19"
  resolved "https://registry.yarnpkg.com/list/-/list-2.0.19.tgz#370a3d7d3e24cfd5ced2c89cda2baf28e31e2830"
  integrity sha512-nnVaRp4RaMAQkCpypTThsdxKqgPMiSwJq93eAm2/IbpUa8sd04XKBhkKu+bMk63HmdjK8b8Cuh4xARHWX2ye/Q==

monocle-ts@2.1.0:
  version "2.1.0"
  resolved "https://registry.yarnpkg.com/monocle-ts/-/monocle-ts-2.1.0.tgz#5c1bbade7952b57e33f2179866467e87d9ed5977"
  integrity sha512-YWH8TDcZSEeCaxp0ZjgccLChnaDvTiUHILpuI0DSZeASYSCgwdz+h6+uEG4QCwYreGsn1oI18ysrcUPv6xWK7w==

thumbor-ts@^1.3.7:
  version "1.3.7"
  resolved "https://registry.yarnpkg.com/thumbor-ts/-/thumbor-ts-1.3.7.tgz#3bd0c640d55d6f3c55559cf1786b8aa839378880"
  integrity sha512-K3rqjXo3uiynBQjCye38//DXNL/v8A3EYSZpb1hqbnQxTzveVY/VRTYzIbJZH636tA3V3u8xDeY86/hD5O+rmQ==
  dependencies:
    crypto-js "3.1.9-1"
    fp-ts "2.4.4"
    list "2.0.19"
    monocle-ts "2.1.0"
