{
  "nodes": {
    "flake-utils": {
      "inputs": {
        "systems": "systems"
      },
      "locked": {
        "lastModified": 1731533236,
        "narHash": "sha256-l0KFg5HjrsfsO/JpG+r7fRrqm12kzFHyUHqHCVpMMbI=",
        "owner": "numtide",
        "repo": "flake-utils",
        "rev": "11707dc2f618dd54ca8739b309ec4fc024de578b",
        "type": "github"
      },
      "original": {
        "owner": "numtide",
        "repo": "flake-utils",
        "type": "github"
      }
    },
    "glsl_analyzer": {
      "flake": false,
      "locked": {
        "lastModified": 1749076974,
        "narHash": "sha256-KnJPO3eVDfaHDwDrE1s0YvkVxpjMXtG8JlhqUe3G+30=",
        "owner": "starlitcanopy",
        "repo": "glsl_analyzer",
        "rev": "0209e194a53370416d4f02487031740fc1ff913a",
        "type": "github"
      },
      "original": {
        "owner": "starlitcanopy",
        "repo": "glsl_analyzer",
        "type": "github"
      }
    },
    "nixpkgs": {
      "locked": {
        "lastModified": 1757487488,
        "narHash": "sha256-zwE/e7CuPJUWKdvvTCB7iunV4E/+G0lKfv4kk/5Izdg=",
        "owner": "nixos",
        "repo": "nixpkgs",
        "rev": "ab0f3607a6c7486ea22229b92ed2d355f1482ee0",
        "type": "github"
      },
      "original": {
        "owner": "nixos",
        "ref": "nixos-unstable",
        "repo": "nixpkgs",
        "type": "github"
      }
    },
    "odin": {
      "inputs": {
        "flake-utils": [
          "flake-utils"
        ],
        "nixpkgs": [
          "nixpkgs"
        ]
      },
      "locked": {
        "lastModified": 1753385653,
        "narHash": "sha256-laUBEKX2rkOyOZ3jBfSoajiTrBNLxSkFe4WNnL7oNx8=",
        "owner": "starlitcanopy",
        "repo": "odin",
        "rev": "e1124f0b71235bf54e82dd47019c9a3e297c0b4b",
        "type": "github"
      },
      "original": {
        "owner": "starlitcanopy",
        "repo": "odin",
        "type": "github"
      }
    },
    "ols": {
      "inputs": {
        "flake-utils": [
          "flake-utils"
        ],
        "nixpkgs": [
          "nixpkgs"
        ],
        "odin": [
          "odin"
        ]
      },
      "locked": {
        "lastModified": 1753384077,
        "narHash": "sha256-/S8KMcmL8JzrZEzioEeLoZBmzZ3B1JEdxLjrrOEYklE=",
        "owner": "starlitcanopy",
        "repo": "ols",
        "rev": "2a049e8c25b8d7e7d9e702ab0d57334b71cfd7f6",
        "type": "github"
      },
      "original": {
        "owner": "starlitcanopy",
        "repo": "ols",
        "type": "github"
      }
    },
    "root": {
      "inputs": {
        "flake-utils": "flake-utils",
        "glsl_analyzer": "glsl_analyzer",
        "nixpkgs": "nixpkgs",
        "odin": "odin",
        "ols": "ols"
      }
    },
    "systems": {
      "locked": {
        "lastModified": 1681028828,
        "narHash": "sha256-Vy1rq5AaRuLzOxct8nz4T6wlgyUR7zLU309k9mBC768=",
        "owner": "nix-systems",
        "repo": "default",
        "rev": "da67096a3b9bf56a91d16901293e51ba5b49a27e",
        "type": "github"
      },
      "original": {
        "owner": "nix-systems",
        "repo": "default",
        "type": "github"
      }
    }
  },
  "root": "root",
  "version": 7
}
