{
  "nodes": {
    "flake-utils": {
      "inputs": {
        "systems": "systems"
      },
      "locked": {
        "lastModified": 1731533236,
        "narHash": "sha256-l0KFg5HjrsfsO/JpG+r7fRrqm12kzFHyUHqHCVpMMbI=",
        "owner": "numtide",
        "repo": "flake-utils",
        "rev": "11707dc2f618dd54ca8739b309ec4fc024de578b",
        "type": "github"
      },
      "original": {
        "owner": "numtide",
        "repo": "flake-utils",
        "type": "github"
      }
    },
    "nixpkgs": {
      "locked": {
        "lastModified": 1748693115,
        "narHash": "sha256-StSrWhklmDuXT93yc3GrTlb0cKSS0agTAxMGjLKAsY8=",
        "owner": "nixos",
        "repo": "nixpkgs",
        "rev": "910796cabe436259a29a72e8d3f5e180fc6dfacc",
        "type": "github"
      },
      "original": {
        "owner": "nixos",
        "ref": "nixos-unstable",
        "repo": "nixpkgs",
        "type": "github"
      }
    },
    "odin": {
      "inputs": {
        "flake-utils": [
          "flake-utils"
        ],
        "nixpkgs": [
          "nixpkgs"
        ]
      },
      "locked": {
        "lastModified": 1748975148,
        "narHash": "sha256-Gxp3ycjTnGSlkb/MpMAAbRY7bjzVjXaeaO+TBtx++/E=",
        "owner": "starlitcanopy",
        "repo": "odin",
        "rev": "d2cc7127df2555ed57d71575a235bd1a3eebd26a",
        "type": "github"
      },
      "original": {
        "owner": "starlitcanopy",
        "repo": "odin",
        "type": "github"
      }
    },
    "ols": {
      "inputs": {
        "flake-utils": [
          "flake-utils"
        ],
        "nixpkgs": [
          "nixpkgs"
        ],
        "odin": [
          "odin"
        ]
      },
      "locked": {
        "lastModified": 1748975728,
        "narHash": "sha256-7/AZrVRz8bLOToQjlvz36m4yPb1ZXDm3hhM7HJ8VbcY=",
        "owner": "starlitcanopy",
        "repo": "ols",
        "rev": "f0ae178c1e600d04e2fd16dc810e41427b290c69",
        "type": "github"
      },
      "original": {
        "owner": "starlitcanopy",
        "repo": "ols",
        "type": "github"
      }
    },
    "root": {
      "inputs": {
        "flake-utils": "flake-utils",
        "nixpkgs": "nixpkgs",
        "odin": "odin",
        "ols": "ols"
      }
    },
    "systems": {
      "locked": {
        "lastModified": 1681028828,
        "narHash": "sha256-Vy1rq5AaRuLzOxct8nz4T6wlgyUR7zLU309k9mBC768=",
        "owner": "nix-systems",
        "repo": "default",
        "rev": "da67096a3b9bf56a91d16901293e51ba5b49a27e",
        "type": "github"
      },
      "original": {
        "owner": "nix-systems",
        "repo": "default",
        "type": "github"
      }
    }
  },
  "root": "root",
  "version": 7
}
